// !$*UTF8*$!
{
	archiveVersion = 1;
	classes = {
	};
	objectVersion = 56;
	objects = {

/* Begin PBXBuildFile section */
		F4DE4C8829079913005CAB54 /* ListAndNavApp.swift in Sources */ = {isa = PBXBuildFile; fileRef = F4DE4C8729079913005CAB54 /* ListAndNavApp.swift */; };
		F4DE4C8A29079913005CAB54 /* ContentView.swift in Sources */ = {isa = PBXBuildFile; fileRef = F4DE4C8929079913005CAB54 /* ContentView.swift */; };
		F4DE4C8C29079915005CAB54 /* Assets.xcassets in Resources */ = {isa = PBXBuildFile; fileRef = F4DE4C8B29079915005CAB54 /* Assets.xcassets */; };
		F4DE4C8F29079915005CAB54 /* Preview Assets.xcassets in Resources */ = {isa = PBXBuildFile; fileRef = F4DE4C8E29079915005CAB54 /* Preview Assets.xcassets */; };
		F4DE4C9629079958005CAB54 /* carData.json in Resources */ = {isa = PBXBuildFile; fileRef = F4DE4C9529079958005CAB54 /* carData.json */; };
		F4DE4C98290799E2005CAB54 /* Car.swift in Sources */ = {isa = PBXBuildFile; fileRef = F4DE4C97290799E2005CAB54 /* Car.swift */; };
		F4DE4C9A29079AA0005CAB54 /* CarData.swift in Sources */ = {isa = PBXBuildFile; fileRef = F4DE4C9929079AA0005CAB54 /* CarData.swift */; };
		F4DE4C9C29079ADF005CAB54 /* CarStore.swift in Sources */ = {isa = PBXBuildFile; fileRef = F4DE4C9B29079ADF005CAB54 /* CarStore.swift */; };
		F4DE4CA029079DCE005CAB54 /* CarDetail.swift in Sources */ = {isa = PBXBuildFile; fileRef = F4DE4C9F29079DCE005CAB54 /* CarDetail.swift */; };
		F4DE4CA42907AF9E005CAB54 /* AddNewCar.swift in Sources */ = {isa = PBXBuildFile; fileRef = F4DE4CA32907AF9E005CAB54 /* AddNewCar.swift */; };
/* End PBXBuildFile section */

/* Begin PBXFileReference section */
		F4DE4C8429079913005CAB54 /* ListAndNav.app */ = {isa = PBXFileReference; explicitFileType = wrapper.application; includeInIndex = 0; path = ListAndNav.app; sourceTree = BUILT_PRODUCTS_DIR; };
		F4DE4C8729079913005CAB54 /* ListAndNavApp.swift */ = {isa = PBXFileReference; lastKnownFileType = sourcecode.swift; path = ListAndNavApp.swift; sourceTree = "<group>"; };
		F4DE4C8929079913005CAB54 /* ContentView.swift */ = {isa = PBXFileReference; lastKnownFileType = sourcecode.swift; path = ContentView.swift; sourceTree = "<group>"; };
		F4DE4C8B29079915005CAB54 /* Assets.xcassets */ = {isa = PBXFileReference; lastKnownFileType = folder.assetcatalog; path = Assets.xcassets; sourceTree = "<group>"; };
		F4DE4C8E29079915005CAB54 /* Preview Assets.xcassets */ = {isa = PBXFileReference; lastKnownFileType = folder.assetcatalog; path = "Preview Assets.xcassets"; sourceTree = "<group>"; };
		F4DE4C9529079958005CAB54 /* carData.json */ = {isa = PBXFileReference; lastKnownFileType = text.json; path = carData.json; sourceTree = "<group>"; };
		F4DE4C97290799E2005CAB54 /* Car.swift */ = {isa = PBXFileReference; lastKnownFileType = sourcecode.swift; path = Car.swift; sourceTree = "<group>"; };
		F4DE4C9929079AA0005CAB54 /* CarData.swift */ = {isa = PBXFileReference; lastKnownFileType = sourcecode.swift; path = CarData.swift; sourceTree = "<group>"; };
		F4DE4C9B29079ADF005CAB54 /* CarStore.swift */ = {isa = PBXFileReference; lastKnownFileType = sourcecode.swift; path = CarStore.swift; sourceTree = "<group>"; };
		F4DE4C9F29079DCE005CAB54 /* CarDetail.swift */ = {isa = PBXFileReference; lastKnownFileType = sourcecode.swift; path = CarDetail.swift; sourceTree = "<group>"; };
		F4DE4CA32907AF9E005CAB54 /* AddNewCar.swift */ = {isa = PBXFileReference; lastKnownFileType = sourcecode.swift; path = AddNewCar.swift; sourceTree = "<group>"; };
/* End PBXFileReference section */

/* Begin PBXFrameworksBuildPhase section */
		F4DE4C8129079913005CAB54 /* Frameworks */ = {
			isa = PBXFrameworksBuildPhase;
			buildActionMask = 2147483647;
			files = (
			);
			runOnlyForDeploymentPostprocessing = 0;
		};
/* End PBXFrameworksBuildPhase section */

/* Begin PBXGroup section */
		F4DE4C7B29079913005CAB54 = {
			isa = PBXGroup;
			children = (
				F4DE4C8629079913005CAB54 /* ListAndNav */,
				F4DE4C8529079913005CAB54 /* Products */,
			);
			sourceTree = "<group>";
		};
		F4DE4C8529079913005CAB54 /* Products */ = {
			isa = PBXGroup;
			children = (
				F4DE4C8429079913005CAB54 /* ListAndNav.app */,
			);
			name = Products;
			sourceTree = "<group>";
		};
		F4DE4C8629079913005CAB54 /* ListAndNav */ = {
			isa = PBXGroup;
			children = (
				F4DE4C8729079913005CAB54 /* ListAndNavApp.swift */,
				F4DE4CA32907AF9E005CAB54 /* AddNewCar.swift */,
				F4DE4C8929079913005CAB54 /* ContentView.swift */,
				F4DE4C9F29079DCE005CAB54 /* CarDetail.swift */,
				F4DE4C8B29079915005CAB54 /* Assets.xcassets */,
				F4DE4C9529079958005CAB54 /* carData.json */,
				F4DE4C97290799E2005CAB54 /* Car.swift */,
				F4DE4C9929079AA0005CAB54 /* CarData.swift */,
				F4DE4C9B29079ADF005CAB54 /* CarStore.swift */,
				F4DE4C8D29079915005CAB54 /* Preview Content */,
			);
			path = ListAndNav;
			sourceTree = "<group>";
		};
		F4DE4C8D29079915005CAB54 /* Preview Content */ = {
			isa = PBXGroup;
			children = (
				F4DE4C8E29079915005CAB54 /* Preview Assets.xcassets */,
			);
			path = "Preview Content";
			sourceTree = "<group>";
		};
/* End PBXGroup section */

/* Begin PBXNativeTarget section */
		F4DE4C8329079913005CAB54 /* ListAndNav */ = {
			isa = PBXNativeTarget;
			buildConfigurationList = F4DE4C9229079915005CAB54 /* Build configuration list for PBXNativeTarget "ListAndNav" */;
			buildPhases = (
				F4DE4C8029079913005CAB54 /* Sources */,
				F4DE4C8129079913005CAB54 /* Frameworks */,
				F4DE4C8229079913005CAB54 /* Resources */,
			);
			buildRules = (
			);
			dependencies = (
			);
			name = ListAndNav;
			productName = ListAndNav;
			productReference = F4DE4C8429079913005CAB54 /* ListAndNav.app */;
			productType = "com.apple.product-type.application";
		};
/* End PBXNativeTarget section */

/* Begin PBXProject section */
		F4DE4C7C29079913005CAB54 /* Project object */ = {
			isa = PBXProject;
			attributes = {
				BuildIndependentTargetsInParallel = 1;
				LastSwiftUpdateCheck = 1400;
				LastUpgradeCheck = 1400;
				TargetAttributes = {
					F4DE4C8329079913005CAB54 = {
						CreatedOnToolsVersion = 14.0.1;
					};
				};
			};
			buildConfigurationList = F4DE4C7F29079913005CAB54 /* Build configuration list for PBXProject "ListAndNav" */;
			compatibilityVersion = "Xcode 14.0";
			developmentRegion = en;
			hasScannedForEncodings = 0;
			knownRegions = (
				en,
				Base,
			);
			mainGroup = F4DE4C7B29079913005CAB54;
			productRefGroup = F4DE4C8529079913005CAB54 /* Products */;
			projectDirPath = "";
			projectRoot = "";
			targets = (
				F4DE4C8329079913005CAB54 /* ListAndNav */,
			);
		};
/* End PBXProject section */

/* Begin PBXResourcesBuildPhase section */
		F4DE4C8229079913005CAB54 /* Resources */ = {
			isa = PBXResourcesBuildPhase;
			buildActionMask = 2147483647;
			files = (
				F4DE4C8F29079915005CAB54 /* Preview Assets.xcassets in Resources */,
				F4DE4C9629079958005CAB54 /* carData.json in Resources */,
				F4DE4C8C29079915005CAB54 /* Assets.xcassets in Resources */,
			);
			runOnlyForDeploymentPostprocessing = 0;
		};
/* End PBXResourcesBuildPhase section */

/* Begin PBXSourcesBuildPhase section */
		F4DE4C8029079913005CAB54 /* Sources */ = {
			isa = PBXSourcesBuildPhase;
			buildActionMask = 2147483647;
			files = (
				F4DE4C9A29079AA0005CAB54 /* CarData.swift in Sources */,
				F4DE4C8A29079913005CAB54 /* ContentView.swift in Sources */,
				F4DE4CA42907AF9E005CAB54 /* AddNewCar.swift in Sources */,
				F4DE4C8829079913005CAB54 /* ListAndNavApp.swift in Sources */,
				F4DE4C98290799E2005CAB54 /* Car.swift in Sources */,
				F4DE4C9C29079ADF005CAB54 /* CarStore.swift in Sources */,
				F4DE4CA029079DCE005CAB54 /* CarDetail.swift in Sources */,
			);
			runOnlyForDeploymentPostprocessing = 0;
		};
/* End PBXSourcesBuildPhase section */

/* Begin XCBuildConfiguration section */
		F4DE4C9029079915005CAB54 /* Debug */ = {
			isa = XCBuildConfiguration;
			buildSettings = {
				ALWAYS_SEARCH_USER_PATHS = NO;
				CLANG_ANALYZER_NONNULL = YES;
				CLANG_ANALYZER_NUMBER_OBJECT_CONVERSION = YES_AGGRESSIVE;
				CLANG_CXX_LANGUAGE_STANDARD = "gnu++20";
				CLANG_ENABLE_MODULES = YES;
				CLANG_ENABLE_OBJC_ARC = YES;
				CLANG_ENABLE_OBJC_WEAK = YES;
				CLANG_WARN_BLOCK_CAPTURE_AUTORELEASING = YES;
				CLANG_WARN_BOOL_CONVERSION = YES;
				CLANG_WARN_COMMA = YES;
				CLANG_WARN_CONSTANT_CONVERSION = YES;
				CLANG_WARN_DEPRECATED_OBJC_IMPLEMENTATIONS = YES;
				CLANG_WARN_DIRECT_OBJC_ISA_USAGE = YES_ERROR;
				CLANG_WARN_DOCUMENTATION_COMMENTS = YES;
				CLANG_WARN_EMPTY_BODY = YES;
				CLANG_WARN_ENUM_CONVERSION = YES;
				CLANG_WARN_INFINITE_RECURSION = YES;
				CLANG_WARN_INT_CONVERSION = YES;
				CLANG_WARN_NON_LITERAL_NULL_CONVERSION = YES;
				CLANG_WARN_OBJC_IMPLICIT_RETAIN_SELF = YES;
				CLANG_WARN_OBJC_LITERAL_CONVERSION = YES;
				CLANG_WARN_OBJC_ROOT_CLASS = YES_ERROR;
				CLANG_WARN_QUOTED_INCLUDE_IN_FRAMEWORK_HEADER = YES;
				CLANG_WARN_RANGE_LOOP_ANALYSIS = YES;
				CLANG_WARN_STRICT_PROTOTYPES = YES;
				CLANG_WARN_SUSPICIOUS_MOVE = YES;
				CLANG_WARN_UNGUARDED_AVAILABILITY = YES_AGGRESSIVE;
				CLANG_WARN_UNREACHABLE_CODE = YES;
				CLANG_WARN__DUPLICATE_METHOD_MATCH = YES;
				COPY_PHASE_STRIP = NO;
				DEBUG_INFORMATION_FORMAT = dwarf;
				ENABLE_STRICT_OBJC_MSGSEND = YES;
				ENABLE_TESTABILITY = YES;
				GCC_C_LANGUAGE_STANDARD = gnu11;
				GCC_DYNAMIC_NO_PIC = NO;
				GCC_NO_COMMON_BLOCKS = YES;
				GCC_OPTIMIZATION_LEVEL = 0;
				GCC_PREPROCESSOR_DEFINITIONS = (
					"DEBUG=1",
					"$(inherited)",
				);
				GCC_WARN_64_TO_32_BIT_CONVERSION = YES;
				GCC_WARN_ABOUT_RETURN_TYPE = YES_ERROR;
				GCC_WARN_UNDECLARED_SELECTOR = YES;
				GCC_WARN_UNINITIALIZED_AUTOS = YES_AGGRESSIVE;
				GCC_WARN_UNUSED_FUNCTION = YES;
				GCC_WARN_UNUSED_VARIABLE = YES;
				IPHONEOS_DEPLOYMENT_TARGET = 16.0;
				MTL_ENABLE_DEBUG_INFO = INCLUDE_SOURCE;
				MTL_FAST_MATH = YES;
				ONLY_ACTIVE_ARCH = YES;
				SDKROOT = iphoneos;
				SWIFT_ACTIVE_COMPILATION_CONDITIONS = DEBUG;
				SWIFT_OPTIMIZATION_LEVEL = "-Onone";
			};
			name = Debug;
		};
		F4DE4C9129079915005CAB54 /* Release */ = {
			isa = XCBuildConfiguration;
			buildSettings = {
				ALWAYS_SEARCH_USER_PATHS = NO;
				CLANG_ANALYZER_NONNULL = YES;
				CLANG_ANALYZER_NUMBER_OBJECT_CONVERSION = YES_AGGRESSIVE;
				CLANG_CXX_LANGUAGE_STANDARD = "gnu++20";
				CLANG_ENABLE_MODULES = YES;
				CLANG_ENABLE_OBJC_ARC = YES;
				CLANG_ENABLE_OBJC_WEAK = YES;
				CLANG_WARN_BLOCK_CAPTURE_AUTORELEASING = YES;
				CLANG_WARN_BOOL_CONVERSION = YES;
				CLANG_WARN_COMMA = YES;
				CLANG_WARN_CONSTANT_CONVERSION = YES;
				CLANG_WARN_DEPRECATED_OBJC_IMPLEMENTATIONS = YES;
				CLANG_WARN_DIRECT_OBJC_ISA_USAGE = YES_ERROR;
				CLANG_WARN_DOCUMENTATION_COMMENTS = YES;
				CLANG_WARN_EMPTY_BODY = YES;
				CLANG_WARN_ENUM_CONVERSION = YES;
				CLANG_WARN_INFINITE_RECURSION = YES;
				CLANG_WARN_INT_CONVERSION = YES;
				CLANG_WARN_NON_LITERAL_NULL_CONVERSION = YES;
				CLANG_WARN_OBJC_IMPLICIT_RETAIN_SELF = YES;
				CLANG_WARN_OBJC_LITERAL_CONVERSION = YES;
				CLANG_WARN_OBJC_ROOT_CLASS = YES_ERROR;
				CLANG_WARN_QUOTED_INCLUDE_IN_FRAMEWORK_HEADER = YES;
				CLANG_WARN_RANGE_LOOP_ANALYSIS = YES;
				CLANG_WARN_STRICT_PROTOTYPES = YES;
				CLANG_WARN_SUSPICIOUS_MOVE = YES;
				CLANG_WARN_UNGUARDED_AVAILABILITY = YES_AGGRESSIVE;
				CLANG_WARN_UNREACHABLE_CODE = YES;
				CLANG_WARN__DUPLICATE_METHOD_MATCH = YES;
				COPY_PHASE_STRIP = NO;
				DEBUG_INFORMATION_FORMAT = "dwarf-with-dsym";
				ENABLE_NS_ASSERTIONS = NO;
				ENABLE_STRICT_OBJC_MSGSEND = YES;
				GCC_C_LANGUAGE_STANDARD = gnu11;
				GCC_NO_COMMON_BLOCKS = YES;
				GCC_WARN_64_TO_32_BIT_CONVERSION = YES;
				GCC_WARN_ABOUT_RETURN_TYPE = YES_ERROR;
				GCC_WARN_UNDECLARED_SELECTOR = YES;
				GCC_WARN_UNINITIALIZED_AUTOS = YES_AGGRESSIVE;
				GCC_WARN_UNUSED_FUNCTION = YES;
				GCC_WARN_UNUSED_VARIABLE = YES;
				IPHONEOS_DEPLOYMENT_TARGET = 16.0;
				MTL_ENABLE_DEBUG_INFO = NO;
				MTL_FAST_MATH = YES;
				SDKROOT = iphoneos;
				SWIFT_COMPILATION_MODE = wholemodule;
				SWIFT_OPTIMIZATION_LEVEL = "-O";
				VALIDATE_PRODUCT = YES;
			};
			name = Release;
		};
		F4DE4C9329079915005CAB54 /* Debug */ = {
			isa = XCBuildConfiguration;
			buildSettings = {
				ASSETCATALOG_COMPILER_APPICON_NAME = AppIcon;
				ASSETCATALOG_COMPILER_GLOBAL_ACCENT_COLOR_NAME = AccentColor;
				CODE_SIGN_STYLE = Automatic;
				CURRENT_PROJECT_VERSION = 1;
				DEVELOPMENT_ASSET_PATHS = "\"ListAndNav/Preview Content\"";
				ENABLE_PREVIEWS = YES;
				GENERATE_INFOPLIST_FILE = YES;
				INFOPLIST_KEY_UIApplicationSceneManifest_Generation = YES;
				INFOPLIST_KEY_UIApplicationSupportsIndirectInputEvents = YES;
				INFOPLIST_KEY_UILaunchScreen_Generation = YES;
				INFOPLIST_KEY_UISupportedInterfaceOrientations_iPad = "UIInterfaceOrientationPortrait UIInterfaceOrientationPortraitUpsideDown UIInterfaceOrientationLandscapeLeft UIInterfaceOrientationLandscapeRight";
				INFOPLIST_KEY_UISupportedInterfaceOrientations_iPhone = "UIInterfaceOrientationPortrait UIInterfaceOrientationLandscapeLeft UIInterfaceOrientationLandscapeRight";
				LD_RUNPATH_SEARCH_PATHS = (
					"$(inherited)",
					"@executable_path/Frameworks",
				);
				MARKETING_VERSION = 1.0;
				PRODUCT_BUNDLE_IDENTIFIER = com.codelion.ListAndNav;
				PRODUCT_NAME = "$(TARGET_NAME)";
				SWIFT_EMIT_LOC_STRINGS = YES;
				SWIFT_VERSION = 5.0;
				TARGETED_DEVICE_FAMILY = "1,2";
			};
			name = Debug;
		};
		F4DE4C9429079915005CAB54 /* Release */ = {
			isa = XCBuildConfiguration;
			buildSettings = {
				ASSETCATALOG_COMPILER_APPICON_NAME = AppIcon;
				ASSETCATALOG_COMPILER_GLOBAL_ACCENT_COLOR_NAME = AccentColor;
				CODE_SIGN_STYLE = Automatic;
				CURRENT_PROJECT_VERSION = 1;
				DEVELOPMENT_ASSET_PATHS = "\"ListAndNav/Preview Content\"";
				ENABLE_PREVIEWS = YES;
				GENERATE_INFOPLIST_FILE = YES;
				INFOPLIST_KEY_UIApplicationSceneManifest_Generation = YES;
				INFOPLIST_KEY_UIApplicationSupportsIndirectInputEvents = YES;
				INFOPLIST_KEY_UILaunchScreen_Generation = YES;
				INFOPLIST_KEY_UISupportedInterfaceOrientations_iPad = "UIInterfaceOrientationPortrait UIInterfaceOrientationPortraitUpsideDown UIInterfaceOrientationLandscapeLeft UIInterfaceOrientationLandscapeRight";
				INFOPLIST_KEY_UISupportedInterfaceOrientations_iPhone = "UIInterfaceOrientationPortrait UIInterfaceOrientationLandscapeLeft UIInterfaceOrientationLandscapeRight";
				LD_RUNPATH_SEARCH_PATHS = (
					"$(inherited)",
					"@executable_path/Frameworks",
				);
				MARKETING_VERSION = 1.0;
				PRODUCT_BUNDLE_IDENTIFIER = com.codelion.ListAndNav;
				PRODUCT_NAME = "$(TARGET_NAME)";
				SWIFT_EMIT_LOC_STRINGS = YES;
				SWIFT_VERSION = 5.0;
				TARGETED_DEVICE_FAMILY = "1,2";
			};
			name = Release;
		};
/* End XCBuildConfiguration section */

/* Begin XCConfigurationList section */
		F4DE4C7F29079913005CAB54 /* Build configuration list for PBXProject "ListAndNav" */ = {
			isa = XCConfigurationList;
			buildConfigurations = (
				F4DE4C9029079915005CAB54 /* Debug */,
				F4DE4C9129079915005CAB54 /* Release */,
			);
			defaultConfigurationIsVisible = 0;
			defaultConfigurationName = Release;
		};
		F4DE4C9229079915005CAB54 /* Build configuration list for PBXNativeTarget "ListAndNav" */ = {
			isa = XCConfigurationList;
			buildConfigurations = (
				F4DE4C9329079915005CAB54 /* Debug */,
				F4DE4C9429079915005CAB54 /* Release */,
			);
			defaultConfigurationIsVisible = 0;
			defaultConfigurationName = Release;
		};
/* End XCConfigurationList section */
	};
	rootObject = F4DE4C7C29079913005CAB54 /* Project object */;
}
